
Microsoft Visual Studio Solution File, Format Version 12.00
# Visual Studio Version 17
VisualStudioVersion = 17.14.36414.22 d17.14
MinimumVisualStudioVersion = 10.0.40219.1
Project("{FAE04EC0-301F-11D3-BF4B-00C04F79EFBC}") = "Player14", "Player14\Player14.csproj", "{DE47CD52-4A41-4FB8-B64E-00EE143E5675}"
EndProject
Global
	GlobalSection(SolutionConfigurationPlatforms) = preSolution
		Debug|Any CPU = Debug|Any CPU
		Release|Any CPU = Release|Any CPU
	EndGlobalSection
	GlobalSection(ProjectConfigurationPlatforms) = postSolution
		{DE47CD52-4A41-4FB8-B64E-00EE143E5675}.Debug|Any CPU.ActiveCfg = Debug|Any CPU
		{DE47CD52-4A41-4FB8-B64E-00EE143E5675}.Debug|Any CPU.Build.0 = Debug|Any CPU
		{DE47CD52-4A41-4FB8-B64E-00EE143E5675}.Release|Any CPU.ActiveCfg = Release|Any CPU
		{DE47CD52-4A41-4FB8-B64E-00EE143E5675}.Release|Any CPU.Build.0 = Release|Any CPU
	EndGlobalSection
	GlobalSection(SolutionProperties) = preSolution
		HideSolutionNode = FALSE
	EndGlobalSection
	GlobalSection(ExtensibilityGlobals) = postSolution
		SolutionGuid = {8726DDB2-1605-432B-AFF9-BF18215CE50E}
	EndGlobalSection
EndGlobal
